{
  "name": "demo",
  "version": "1.0.0",
  "lockfileVersion": 1,
  "requires": true,
  "dependencies": {
    "npmrc-builder": {
      "version": "file:../dist/npmrc-builder-1.0.0.tgz",
      "integrity": "sha512-XPYmSMy3iwQpaaRSKAY3GQOVKoTzahv9HCBwaqFB8W8VCykP5JFuGQHBZdLWcQhQKfnY3/7z5I8ZSR4thJnzjQ==",
      "dev": true
    }
  }
}
